
Microsoft Visual Studio Solution File, Format Version 12.00
# Visual Studio Version 17
VisualStudioVersion = 17.0.32112.339
MinimumVisualStudioVersion = 10.0.40219.1
Project("{9A19103F-16F7-4668-BE54-9A1E7A4F7556}") = "DSA_CSharp", "DSA_CSharp\DSA_CSharp.csproj", "{437C84E5-A133-4ACC-AD44-EEC8042DE75D}"
EndProject
Project("{9A19103F-16F7-4668-BE54-9A1E7A4F7556}") = "DSA_Charp_Sorting", "DSA_CSharp_Sorting\DSA_Charp_Sorting.csproj", "{57E00692-690B-491B-916A-FA5DEB3CCCD4}"
EndProject
Project("{9A19103F-16F7-4668-BE54-9A1E7A4F7556}") = "DSA_CSharp_Arrays", "DSA_CSharp_Arrays\DSA_CSharp_Arrays.csproj", "{9DF343D7-0784-45E6-B894-CB17CD65461F}"
EndProject
Project("{FAE04EC0-301F-11D3-BF4B-00C04F79EFBC}") = "DSA_CSharp_BinarySearch", "DSA_CSharp_BinarySearch\DSA_CSharp_BinarySearch.csproj", "{9BD803DA-2048-4E6E-83DF-B8B23994308B}"
EndProject
Global
	GlobalSection(SolutionConfigurationPlatforms) = preSolution
		Debug|Any CPU = Debug|Any CPU
		Release|Any CPU = Release|Any CPU
	EndGlobalSection
	GlobalSection(ProjectConfigurationPlatforms) = postSolution
		{437C84E5-A133-4ACC-AD44-EEC8042DE75D}.Debug|Any CPU.ActiveCfg = Debug|Any CPU
		{437C84E5-A133-4ACC-AD44-EEC8042DE75D}.Debug|Any CPU.Build.0 = Debug|Any CPU
		{437C84E5-A133-4ACC-AD44-EEC8042DE75D}.Release|Any CPU.ActiveCfg = Release|Any CPU
		{437C84E5-A133-4ACC-AD44-EEC8042DE75D}.Release|Any CPU.Build.0 = Release|Any CPU
		{57E00692-690B-491B-916A-FA5DEB3CCCD4}.Debug|Any CPU.ActiveCfg = Debug|Any CPU
		{57E00692-690B-491B-916A-FA5DEB3CCCD4}.Debug|Any CPU.Build.0 = Debug|Any CPU
		{57E00692-690B-491B-916A-FA5DEB3CCCD4}.Release|Any CPU.ActiveCfg = Release|Any CPU
		{57E00692-690B-491B-916A-FA5DEB3CCCD4}.Release|Any CPU.Build.0 = Release|Any CPU
		{9DF343D7-0784-45E6-B894-CB17CD65461F}.Debug|Any CPU.ActiveCfg = Debug|Any CPU
		{9DF343D7-0784-45E6-B894-CB17CD65461F}.Debug|Any CPU.Build.0 = Debug|Any CPU
		{9DF343D7-0784-45E6-B894-CB17CD65461F}.Release|Any CPU.ActiveCfg = Release|Any CPU
		{9DF343D7-0784-45E6-B894-CB17CD65461F}.Release|Any CPU.Build.0 = Release|Any CPU
		{9BD803DA-2048-4E6E-83DF-B8B23994308B}.Debug|Any CPU.ActiveCfg = Debug|Any CPU
		{9BD803DA-2048-4E6E-83DF-B8B23994308B}.Debug|Any CPU.Build.0 = Debug|Any CPU
		{9BD803DA-2048-4E6E-83DF-B8B23994308B}.Release|Any CPU.ActiveCfg = Release|Any CPU
		{9BD803DA-2048-4E6E-83DF-B8B23994308B}.Release|Any CPU.Build.0 = Release|Any CPU
	EndGlobalSection
	GlobalSection(SolutionProperties) = preSolution
		HideSolutionNode = FALSE
	EndGlobalSection
	GlobalSection(ExtensibilityGlobals) = postSolution
		SolutionGuid = {A2468C16-034B-480E-9D58-A8006E33ADA5}
	EndGlobalSection
EndGlobal
